
Microsoft Visual Studio Solution File, Format Version 12.00
# Visual Studio Version 16
VisualStudioVersion = 16.0.31424.327
MinimumVisualStudioVersion = 10.0.40219.1
Project("{9A19103F-16F7-4668-BE54-9A1E7A4F7556}") = "RepoApp.Common", "RepoApp.Common\RepoApp.Common.csproj", "{C1021A6C-16B3-4559-A8F2-6266D76FB200}"
EndProject
Project("{9A19103F-16F7-4668-BE54-9A1E7A4F7556}") = "RepoApp.DAL", "RepoApp.DAL\RepoApp.DAL.csproj", "{BA88DB6A-4A22-4EA3-8559-20C1E6A2FD64}"
EndProject
Project("{9A19103F-16F7-4668-BE54-9A1E7A4F7556}") = "RepoApp.BLL", "RepoApp.BLL\RepoApp.BLL.csproj", "{671CB5DD-BB10-4746-A65B-28BD07939A86}"
EndProject
Project("{9A19103F-16F7-4668-BE54-9A1E7A4F7556}") = "RepoApp", "RepoApp\RepoApp.csproj", "{22BE6F3B-49CA-42BE-98A9-3FBB415D62FC}"
EndProject
Project("{FAE04EC0-301F-11D3-BF4B-00C04F79EFBC}") = "RepoApp.API", "RepoApp.API\RepoApp.API.csproj", "{24BBA685-0456-47E1-8273-B77ED037FF3B}"
EndProject
Global
	GlobalSection(SolutionConfigurationPlatforms) = preSolution
		Debug|Any CPU = Debug|Any CPU
		Release|Any CPU = Release|Any CPU
	EndGlobalSection
	GlobalSection(ProjectConfigurationPlatforms) = postSolution
		{C1021A6C-16B3-4559-A8F2-6266D76FB200}.Debug|Any CPU.ActiveCfg = Debug|Any CPU
		{C1021A6C-16B3-4559-A8F2-6266D76FB200}.Debug|Any CPU.Build.0 = Debug|Any CPU
		{C1021A6C-16B3-4559-A8F2-6266D76FB200}.Release|Any CPU.ActiveCfg = Release|Any CPU
		{C1021A6C-16B3-4559-A8F2-6266D76FB200}.Release|Any CPU.Build.0 = Release|Any CPU
		{BA88DB6A-4A22-4EA3-8559-20C1E6A2FD64}.Debug|Any CPU.ActiveCfg = Debug|Any CPU
		{BA88DB6A-4A22-4EA3-8559-20C1E6A2FD64}.Debug|Any CPU.Build.0 = Debug|Any CPU
		{BA88DB6A-4A22-4EA3-8559-20C1E6A2FD64}.Release|Any CPU.ActiveCfg = Release|Any CPU
		{BA88DB6A-4A22-4EA3-8559-20C1E6A2FD64}.Release|Any CPU.Build.0 = Release|Any CPU
		{671CB5DD-BB10-4746-A65B-28BD07939A86}.Debug|Any CPU.ActiveCfg = Debug|Any CPU
		{671CB5DD-BB10-4746-A65B-28BD07939A86}.Debug|Any CPU.Build.0 = Debug|Any CPU
		{671CB5DD-BB10-4746-A65B-28BD07939A86}.Release|Any CPU.ActiveCfg = Release|Any CPU
		{671CB5DD-BB10-4746-A65B-28BD07939A86}.Release|Any CPU.Build.0 = Release|Any CPU
		{22BE6F3B-49CA-42BE-98A9-3FBB415D62FC}.Debug|Any CPU.ActiveCfg = Debug|Any CPU
		{22BE6F3B-49CA-42BE-98A9-3FBB415D62FC}.Debug|Any CPU.Build.0 = Debug|Any CPU
		{22BE6F3B-49CA-42BE-98A9-3FBB415D62FC}.Release|Any CPU.ActiveCfg = Release|Any CPU
		{22BE6F3B-49CA-42BE-98A9-3FBB415D62FC}.Release|Any CPU.Build.0 = Release|Any CPU
		{24BBA685-0456-47E1-8273-B77ED037FF3B}.Debug|Any CPU.ActiveCfg = Debug|Any CPU
		{24BBA685-0456-47E1-8273-B77ED037FF3B}.Debug|Any CPU.Build.0 = Debug|Any CPU
		{24BBA685-0456-47E1-8273-B77ED037FF3B}.Release|Any CPU.ActiveCfg = Release|Any CPU
		{24BBA685-0456-47E1-8273-B77ED037FF3B}.Release|Any CPU.Build.0 = Release|Any CPU
	EndGlobalSection
	GlobalSection(SolutionProperties) = preSolution
		HideSolutionNode = FALSE
	EndGlobalSection
	GlobalSection(ExtensibilityGlobals) = postSolution
		SolutionGuid = {51176BC0-F9EA-49C7-826C-A737525E94C8}
	EndGlobalSection
EndGlobal
